{
  "nodes": {
    "home-manager": {
      "inputs": {
        "nixpkgs": [
          "nixpkgs"
        ]
      },
      "locked": {
        "lastModified": 1734366194,
        "narHash": "sha256-vykpJ1xsdkv0j8WOVXrRFHUAdp9NXHpxdnn1F4pYgSw=",
        "owner": "nix-community",
        "repo": "home-manager",
        "rev": "80b0fdf483c5d1cb75aaad909bd390d48673857f",
        "type": "github"
      },
      "original": {
        "owner": "nix-community",
        "ref": "release-24.11",
        "repo": "home-manager",
        "type": "github"
      }
    },
    "kmonad": {
      "inputs": {
        "nixpkgs": [
          "nixpkgs"
        ]
      },
      "locked": {
        "dir": "nix",
        "lastModified": 1730793763,
        "narHash": "sha256-m9agq+UNNwAovZj+WS5/1Yc1xoExG4A3SqmVP/e0r9Q=",
        "ref": "refs/heads/master",
        "rev": "606c488862df6c3be1e4e670f6e1e06008c84732",
        "revCount": 875,
        "submodules": true,
        "type": "git",
        "url": "https://github.com/kmonad/kmonad?dir=nix"
      },
      "original": {
        "dir": "nix",
        "submodules": true,
        "type": "git",
        "url": "https://github.com/kmonad/kmonad?dir=nix"
      }
    },
    "nixpkgs": {
      "locked": {
        "lastModified": 1734323986,
        "narHash": "sha256-m/lh6hYMIWDYHCAsn81CDAiXoT3gmxXI9J987W5tZrE=",
        "owner": "NixOS",
        "repo": "nixpkgs",
        "rev": "394571358ce82dff7411395829aa6a3aad45b907",
        "type": "github"
      },
      "original": {
        "owner": "NixOS",
        "ref": "nixos-24.11",
        "repo": "nixpkgs",
        "type": "github"
      }
    },
    "nixpkgs-unstable": {
      "locked": {
        "lastModified": 1734119587,
        "narHash": "sha256-AKU6qqskl0yf2+JdRdD0cfxX4b9x3KKV5RqA6wijmPM=",
        "owner": "NixOS",
        "repo": "nixpkgs",
        "rev": "3566ab7246670a43abd2ffa913cc62dad9cdf7d5",
        "type": "github"
      },
      "original": {
        "owner": "NixOS",
        "ref": "nixos-unstable",
        "repo": "nixpkgs",
        "type": "github"
      }
    },
    "root": {
      "inputs": {
        "home-manager": "home-manager",
        "kmonad": "kmonad",
        "nixpkgs": "nixpkgs",
        "nixpkgs-unstable": "nixpkgs-unstable"
      }
    }
  },
  "root": "root",
  "version": 7
}
